
Microsoft Visual Studio Solution File, Format Version 12.00
# Visual Studio Version 17
VisualStudioVersion = 17.8.34322.80
MinimumVisualStudioVersion = 10.0.40219.1
Project("{FAE04EC0-301F-11D3-BF4B-00C04F79EFBC}") = "sync_client", "sync_client\sync_client.csproj", "{C74DFF15-B51B-4317-887A-B761944864B6}"
EndProject
Project("{FAE04EC0-301F-11D3-BF4B-00C04F79EFBC}") = "sync_server", "sync_server\sync_server.csproj", "{661E16EB-83E8-45C8-8159-1CB22F7B6AF9}"
EndProject
Global
	GlobalSection(SolutionConfigurationPlatforms) = preSolution
		Debug|Any CPU = Debug|Any CPU
		Release|Any CPU = Release|Any CPU
	EndGlobalSection
	GlobalSection(ProjectConfigurationPlatforms) = postSolution
		{C74DFF15-B51B-4317-887A-B761944864B6}.Debug|Any CPU.ActiveCfg = Debug|Any CPU
		{C74DFF15-B51B-4317-887A-B761944864B6}.Debug|Any CPU.Build.0 = Debug|Any CPU
		{C74DFF15-B51B-4317-887A-B761944864B6}.Release|Any CPU.ActiveCfg = Release|Any CPU
		{C74DFF15-B51B-4317-887A-B761944864B6}.Release|Any CPU.Build.0 = Release|Any CPU
		{661E16EB-83E8-45C8-8159-1CB22F7B6AF9}.Debug|Any CPU.ActiveCfg = Debug|Any CPU
		{661E16EB-83E8-45C8-8159-1CB22F7B6AF9}.Debug|Any CPU.Build.0 = Debug|Any CPU
		{661E16EB-83E8-45C8-8159-1CB22F7B6AF9}.Release|Any CPU.ActiveCfg = Release|Any CPU
		{661E16EB-83E8-45C8-8159-1CB22F7B6AF9}.Release|Any CPU.Build.0 = Release|Any CPU
	EndGlobalSection
	GlobalSection(SolutionProperties) = preSolution
		HideSolutionNode = FALSE
	EndGlobalSection
	GlobalSection(ExtensibilityGlobals) = postSolution
		SolutionGuid = {3DB33972-0067-402D-971C-97B264DA19FF}
	EndGlobalSection
EndGlobal
